
Microsoft Visual Studio Solution File, Format Version 12.00
# Visual Studio Version 17
VisualStudioVersion = 17.5.33502.453
MinimumVisualStudioVersion = 10.0.40219.1
Project("{9A19103F-16F7-4668-BE54-9A1E7A4F7556}") = "HermesChat_TeamA", "HermesChat_TeamA.csproj", "{8358DC30-FE36-4780-BA9E-8E7A0E8CDDC4}"
EndProject
Project("{2150E333-8FDC-42A3-9474-1A3956D46DE8}") = "Solution Items", "Solution Items", "{C8A7B579-1643-4EA1-BD29-6298235B439B}"
EndProject
Global
	GlobalSection(SolutionConfigurationPlatforms) = preSolution
		Debug|Any CPU = Debug|Any CPU
		Release|Any CPU = Release|Any CPU
	EndGlobalSection
	GlobalSection(ProjectConfigurationPlatforms) = postSolution
		{8358DC30-FE36-4780-BA9E-8E7A0E8CDDC4}.Debug|Any CPU.ActiveCfg = Debug|Any CPU
		{8358DC30-FE36-4780-BA9E-8E7A0E8CDDC4}.Debug|Any CPU.Build.0 = Debug|Any CPU
		{8358DC30-FE36-4780-BA9E-8E7A0E8CDDC4}.Release|Any CPU.ActiveCfg = Release|Any CPU
		{8358DC30-FE36-4780-BA9E-8E7A0E8CDDC4}.Release|Any CPU.Build.0 = Release|Any CPU
	EndGlobalSection
	GlobalSection(SolutionProperties) = preSolution
		HideSolutionNode = FALSE
	EndGlobalSection
	GlobalSection(ExtensibilityGlobals) = postSolution
		SolutionGuid = {F3CB8B90-FF8F-4194-806A-03782E6C9178}
	EndGlobalSection
EndGlobal
